
Microsoft Visual Studio Solution File, Format Version 12.00
# Visual Studio Version 17
VisualStudioVersion = 17.10.34928.147
MinimumVisualStudioVersion = 10.0.40219.1
Project("{FAE04EC0-301F-11D3-BF4B-00C04F79EFBC}") = "StoreApp.Data", "StoreApp.Data\StoreApp.Data.csproj", "{0445A1B7-9D7D-471E-BC49-B74859EE2009}"
EndProject
Project("{FAE04EC0-301F-11D3-BF4B-00C04F79EFBC}") = "StoreApp.Web", "StoreApp.Web\StoreApp.Web.csproj", "{360AFB65-A39C-4698-A0F5-CC007359C640}"
EndProject
Global
	GlobalSection(SolutionConfigurationPlatforms) = preSolution
		Debug|Any CPU = Debug|Any CPU
		Release|Any CPU = Release|Any CPU
	EndGlobalSection
	GlobalSection(ProjectConfigurationPlatforms) = postSolution
		{0445A1B7-9D7D-471E-BC49-B74859EE2009}.Debug|Any CPU.ActiveCfg = Debug|Any CPU
		{0445A1B7-9D7D-471E-BC49-B74859EE2009}.Debug|Any CPU.Build.0 = Debug|Any CPU
		{0445A1B7-9D7D-471E-BC49-B74859EE2009}.Release|Any CPU.ActiveCfg = Release|Any CPU
		{0445A1B7-9D7D-471E-BC49-B74859EE2009}.Release|Any CPU.Build.0 = Release|Any CPU
		{360AFB65-A39C-4698-A0F5-CC007359C640}.Debug|Any CPU.ActiveCfg = Debug|Any CPU
		{360AFB65-A39C-4698-A0F5-CC007359C640}.Debug|Any CPU.Build.0 = Debug|Any CPU
		{360AFB65-A39C-4698-A0F5-CC007359C640}.Release|Any CPU.ActiveCfg = Release|Any CPU
		{360AFB65-A39C-4698-A0F5-CC007359C640}.Release|Any CPU.Build.0 = Release|Any CPU
	EndGlobalSection
	GlobalSection(SolutionProperties) = preSolution
		HideSolutionNode = FALSE
	EndGlobalSection
	GlobalSection(ExtensibilityGlobals) = postSolution
		SolutionGuid = {90D69A0D-5F76-443C-A51D-5202D6298360}
	EndGlobalSection
EndGlobal
